
Microsoft Visual Studio Solution File, Format Version 12.00
Project("{FAE04EC0-301F-11D3-BF4B-00C04F79EFBC}") = "Finbourne.Components.LRUCache", "Finbourne.Components.LRUCache\Finbourne.Components.LRUCache.csproj", "{EE5BD977-82FC-4F1D-B3FA-BEAF337862B1}"
EndProject
Project("{FAE04EC0-301F-11D3-BF4B-00C04F79EFBC}") = "Finbourne.Components.LRUCache.Contracts", "Finbourne.Components.LRUCache.Contracts\Finbourne.Components.LRUCache.Contracts.csproj", "{316CE7FE-E560-46BA-90F7-A4CF552B9C5C}"
EndProject
Project("{FAE04EC0-301F-11D3-BF4B-00C04F79EFBC}") = "Finbourne.Components.LRUCache.UnitTests", "Finbourne.Components.LRUCache.UnitTests\Finbourne.Components.LRUCache.UnitTests.csproj", "{3D53F60F-1375-4999-AB50-7FABC63FC411}"
EndProject
Project("{FAE04EC0-301F-11D3-BF4B-00C04F79EFBC}") = "Finbourne.Components.LRUCache.Sample", "Finbourne.Components.LRUCache.Sample\Finbourne.Components.LRUCache.Sample.csproj", "{9C3A1075-3637-485D-8D55-9C912A684FC1}"
EndProject
Global
	GlobalSection(SolutionConfigurationPlatforms) = preSolution
		Debug|Any CPU = Debug|Any CPU
		Release|Any CPU = Release|Any CPU
	EndGlobalSection
	GlobalSection(ProjectConfigurationPlatforms) = postSolution
		{EE5BD977-82FC-4F1D-B3FA-BEAF337862B1}.Debug|Any CPU.ActiveCfg = Debug|Any CPU
		{EE5BD977-82FC-4F1D-B3FA-BEAF337862B1}.Debug|Any CPU.Build.0 = Debug|Any CPU
		{EE5BD977-82FC-4F1D-B3FA-BEAF337862B1}.Release|Any CPU.ActiveCfg = Release|Any CPU
		{EE5BD977-82FC-4F1D-B3FA-BEAF337862B1}.Release|Any CPU.Build.0 = Release|Any CPU
		{316CE7FE-E560-46BA-90F7-A4CF552B9C5C}.Debug|Any CPU.ActiveCfg = Debug|Any CPU
		{316CE7FE-E560-46BA-90F7-A4CF552B9C5C}.Debug|Any CPU.Build.0 = Debug|Any CPU
		{316CE7FE-E560-46BA-90F7-A4CF552B9C5C}.Release|Any CPU.ActiveCfg = Release|Any CPU
		{316CE7FE-E560-46BA-90F7-A4CF552B9C5C}.Release|Any CPU.Build.0 = Release|Any CPU
		{3D53F60F-1375-4999-AB50-7FABC63FC411}.Debug|Any CPU.ActiveCfg = Debug|Any CPU
		{3D53F60F-1375-4999-AB50-7FABC63FC411}.Debug|Any CPU.Build.0 = Debug|Any CPU
		{3D53F60F-1375-4999-AB50-7FABC63FC411}.Release|Any CPU.ActiveCfg = Release|Any CPU
		{3D53F60F-1375-4999-AB50-7FABC63FC411}.Release|Any CPU.Build.0 = Release|Any CPU
		{9C3A1075-3637-485D-8D55-9C912A684FC1}.Debug|Any CPU.ActiveCfg = Debug|Any CPU
		{9C3A1075-3637-485D-8D55-9C912A684FC1}.Debug|Any CPU.Build.0 = Debug|Any CPU
		{9C3A1075-3637-485D-8D55-9C912A684FC1}.Release|Any CPU.ActiveCfg = Release|Any CPU
		{9C3A1075-3637-485D-8D55-9C912A684FC1}.Release|Any CPU.Build.0 = Release|Any CPU
	EndGlobalSection
EndGlobal
